{
  "name": "skylark-ui-swt",
  "version": "0.9.0",
  "lockfileVersion": 1,
  "requires": true,
  "dependencies": {
    "skylark-bootstrap3": {
      "version": "git+https://github.com/skylarkui/skylark-bootstrap3.git#4172e839f2717e7ce504dd39c21698854b8e4b59",
      "from": "git+https://github.com/skylarkui/skylark-bootstrap3.git#master",
      "requires": {
        "skylark-langx": "git+https://github.com/skylarklangx/skylark-langx.git#685bd0d3de86c4c28765302b75df23022cd84363",
        "skylark-utils-dom": "git+https://github.com/skylarkutils/skylark-utils-dom.git#d19c98840a9d9ef4f5078d92bf7535759cac219a"
      }
    },
    "skylark-langx": {
      "version": "git+https://github.com/skylarklangx/skylark-langx.git#685bd0d3de86c4c28765302b75df23022cd84363",
      "from": "git+https://github.com/skylarklangx/skylark-langx.git#master"
    },
    "skylark-utils-collection": {
      "version": "git+https://github.com/skylarkutils/skylark-utils-collection.git#2d6e7857276c0354faa07de2a70155b9237608c9",
      "from": "git+https://github.com/skylarkutils/skylark-utils-collection.git#master"
    },
    "skylark-utils-dom": {
      "version": "git+https://github.com/skylarkutils/skylark-utils-dom.git#d19c98840a9d9ef4f5078d92bf7535759cac219a",
      "from": "git+https://github.com/skylarkutils/skylark-utils-dom.git#master",
      "requires": {
        "skylark-langx": "git+https://github.com/skylarklangx/skylark-langx.git#685bd0d3de86c4c28765302b75df23022cd84363"
      }
    }
  }
}
